// !$*UTF8*$!
{
	archiveVersion = 1;
	classes = {
	};
	objectVersion = 46;
	objects = {

/* Begin PBXBuildFile section */
		84948AAB1FB94EA600C1D10B /* CassiniViewController.swift in Sources */ = {isa = PBXBuildFile; fileRef = 84948AAA1FB94EA600C1D10B /* CassiniViewController.swift */; };
		9E63C9561FA9D0FC00340F2D /* AppDelegate.swift in Sources */ = {isa = PBXBuildFile; fileRef = 9E63C9551FA9D0FC00340F2D /* AppDelegate.swift */; };
		9E63C95B1FA9D0FC00340F2D /* Main.storyboard in Resources */ = {isa = PBXBuildFile; fileRef = 9E63C9591FA9D0FC00340F2D /* Main.storyboard */; };
		9E63C95D1FA9D0FC00340F2D /* Assets.xcassets in Resources */ = {isa = PBXBuildFile; fileRef = 9E63C95C1FA9D0FC00340F2D /* Assets.xcassets */; };
		9E63C9601FA9D0FC00340F2D /* LaunchScreen.storyboard in Resources */ = {isa = PBXBuildFile; fileRef = 9E63C95E1FA9D0FC00340F2D /* LaunchScreen.storyboard */; };
		9E63C9691FA9D16200340F2D /* ImageViewController.swift in Sources */ = {isa = PBXBuildFile; fileRef = 9E63C9681FA9D16200340F2D /* ImageViewController.swift */; };
		9E63C96B1FA9E0EE00340F2D /* DemoURL.swift in Sources */ = {isa = PBXBuildFile; fileRef = 9E63C96A1FA9E0EE00340F2D /* DemoURL.swift */; };
/* End PBXBuildFile section */

/* Begin PBXFileReference section */
		84948AAA1FB94EA600C1D10B /* CassiniViewController.swift */ = {isa = PBXFileReference; lastKnownFileType = sourcecode.swift; path = CassiniViewController.swift; sourceTree = "<group>"; };
		9E63C9521FA9D0FC00340F2D /* Cassini.app */ = {isa = PBXFileReference; explicitFileType = wrapper.application; includeInIndex = 0; path = Cassini.app; sourceTree = BUILT_PRODUCTS_DIR; };
		9E63C9551FA9D0FC00340F2D /* AppDelegate.swift */ = {isa = PBXFileReference; lastKnownFileType = sourcecode.swift; path = AppDelegate.swift; sourceTree = "<group>"; };
		9E63C95A1FA9D0FC00340F2D /* Base */ = {isa = PBXFileReference; lastKnownFileType = file.storyboard; name = Base; path = Base.lproj/Main.storyboard; sourceTree = "<group>"; };
		9E63C95C1FA9D0FC00340F2D /* Assets.xcassets */ = {isa = PBXFileReference; lastKnownFileType = folder.assetcatalog; path = Assets.xcassets; sourceTree = "<group>"; };
		9E63C95F1FA9D0FC00340F2D /* Base */ = {isa = PBXFileReference; lastKnownFileType = file.storyboard; name = Base; path = Base.lproj/LaunchScreen.storyboard; sourceTree = "<group>"; };
		9E63C9611FA9D0FC00340F2D /* Info.plist */ = {isa = PBXFileReference; lastKnownFileType = text.plist.xml; path = Info.plist; sourceTree = "<group>"; };
		9E63C9681FA9D16200340F2D /* ImageViewController.swift */ = {isa = PBXFileReference; fileEncoding = 4; lastKnownFileType = sourcecode.swift; path = ImageViewController.swift; sourceTree = "<group>"; };
		9E63C96A1FA9E0EE00340F2D /* DemoURL.swift */ = {isa = PBXFileReference; fileEncoding = 4; lastKnownFileType = sourcecode.swift; path = DemoURL.swift; sourceTree = "<group>"; };
/* End PBXFileReference section */

/* Begin PBXFrameworksBuildPhase section */
		9E63C94F1FA9D0FC00340F2D /* Frameworks */ = {
			isa = PBXFrameworksBuildPhase;
			buildActionMask = 2147483647;
			files = (
			);
			runOnlyForDeploymentPostprocessing = 0;
		};
/* End PBXFrameworksBuildPhase section */

/* Begin PBXGroup section */
		9E63C9491FA9D0FC00340F2D = {
			isa = PBXGroup;
			children = (
				9E63C9541FA9D0FC00340F2D /* Cassini */,
				9E63C9531FA9D0FC00340F2D /* Products */,
			);
			sourceTree = "<group>";
		};
		9E63C9531FA9D0FC00340F2D /* Products */ = {
			isa = PBXGroup;
			children = (
				9E63C9521FA9D0FC00340F2D /* Cassini.app */,
			);
			name = Products;
			sourceTree = "<group>";
		};
		9E63C9541FA9D0FC00340F2D /* Cassini */ = {
			isa = PBXGroup;
			children = (
				9E63C96A1FA9E0EE00340F2D /* DemoURL.swift */,
				9E63C9681FA9D16200340F2D /* ImageViewController.swift */,
				84948AAA1FB94EA600C1D10B /* CassiniViewController.swift */,
				9E63C9591FA9D0FC00340F2D /* Main.storyboard */,
				9E63C9611FA9D0FC00340F2D /* Info.plist */,
				9E63C9671FA9D12F00340F2D /* Supporting Files */,
			);
			path = Cassini;
			sourceTree = "<group>";
		};
		9E63C9671FA9D12F00340F2D /* Supporting Files */ = {
			isa = PBXGroup;
			children = (
				9E63C9551FA9D0FC00340F2D /* AppDelegate.swift */,
				9E63C95C1FA9D0FC00340F2D /* Assets.xcassets */,
				9E63C95E1FA9D0FC00340F2D /* LaunchScreen.storyboard */,
			);
			name = "Supporting Files";
			sourceTree = "<group>";
		};
/* End PBXGroup section */

/* Begin PBXNativeTarget section */
		9E63C9511FA9D0FC00340F2D /* Cassini */ = {
			isa = PBXNativeTarget;
			buildConfigurationList = 9E63C9641FA9D0FC00340F2D /* Build configuration list for PBXNativeTarget "Cassini" */;
			buildPhases = (
				9E63C94E1FA9D0FC00340F2D /* Sources */,
				9E63C94F1FA9D0FC00340F2D /* Frameworks */,
				9E63C9501FA9D0FC00340F2D /* Resources */,
			);
			buildRules = (
			);
			dependencies = (
			);
			name = Cassini;
			productName = Cassini;
			productReference = 9E63C9521FA9D0FC00340F2D /* Cassini.app */;
			productType = "com.apple.product-type.application";
		};
/* End PBXNativeTarget section */

/* Begin PBXProject section */
		9E63C94A1FA9D0FC00340F2D /* Project object */ = {
			isa = PBXProject;
			attributes = {
				LastSwiftUpdateCheck = 0830;
				LastUpgradeCheck = 0830;
				ORGANIZATIONNAME = "Sanzhar Dauylov";
				TargetAttributes = {
					9E63C9511FA9D0FC00340F2D = {
						CreatedOnToolsVersion = 8.3.2;
						DevelopmentTeam = 5GU4RMY5T5;
						ProvisioningStyle = Automatic;
					};
				};
			};
			buildConfigurationList = 9E63C94D1FA9D0FC00340F2D /* Build configuration list for PBXProject "Cassini" */;
			compatibilityVersion = "Xcode 3.2";
			developmentRegion = English;
			hasScannedForEncodings = 0;
			knownRegions = (
				en,
				Base,
			);
			mainGroup = 9E63C9491FA9D0FC00340F2D;
			productRefGroup = 9E63C9531FA9D0FC00340F2D /* Products */;
			projectDirPath = "";
			projectRoot = "";
			targets = (
				9E63C9511FA9D0FC00340F2D /* Cassini */,
			);
		};
/* End PBXProject section */

/* Begin PBXResourcesBuildPhase section */
		9E63C9501FA9D0FC00340F2D /* Resources */ = {
			isa = PBXResourcesBuildPhase;
			buildActionMask = 2147483647;
			files = (
				9E63C9601FA9D0FC00340F2D /* LaunchScreen.storyboard in Resources */,
				9E63C95D1FA9D0FC00340F2D /* Assets.xcassets in Resources */,
				9E63C95B1FA9D0FC00340F2D /* Main.storyboard in Resources */,
			);
			runOnlyForDeploymentPostprocessing = 0;
		};
/* End PBXResourcesBuildPhase section */

/* Begin PBXSourcesBuildPhase section */
		9E63C94E1FA9D0FC00340F2D /* Sources */ = {
			isa = PBXSourcesBuildPhase;
			buildActionMask = 2147483647;
			files = (
				9E63C9691FA9D16200340F2D /* ImageViewController.swift in Sources */,
				9E63C9561FA9D0FC00340F2D /* AppDelegate.swift in Sources */,
				9E63C96B1FA9E0EE00340F2D /* DemoURL.swift in Sources */,
				84948AAB1FB94EA600C1D10B /* CassiniViewController.swift in Sources */,
			);
			runOnlyForDeploymentPostprocessing = 0;
		};
/* End PBXSourcesBuildPhase section */

/* Begin PBXVariantGroup section */
		9E63C9591FA9D0FC00340F2D /* Main.storyboard */ = {
			isa = PBXVariantGroup;
			children = (
				9E63C95A1FA9D0FC00340F2D /* Base */,
			);
			name = Main.storyboard;
			sourceTree = "<group>";
		};
		9E63C95E1FA9D0FC00340F2D /* LaunchScreen.storyboard */ = {
			isa = PBXVariantGroup;
			children = (
				9E63C95F1FA9D0FC00340F2D /* Base */,
			);
			name = LaunchScreen.storyboard;
			sourceTree = "<group>";
		};
/* End PBXVariantGroup section */

/* Begin XCBuildConfiguration section */
		9E63C9621FA9D0FC00340F2D /* Debug */ = {
			isa = XCBuildConfiguration;
			buildSettings = {
				ALWAYS_SEARCH_USER_PATHS = NO;
				CLANG_ANALYZER_NONNULL = YES;
				CLANG_ANALYZER_NUMBER_OBJECT_CONVERSION = YES_AGGRESSIVE;
				CLANG_CXX_LANGUAGE_STANDARD = "gnu++0x";
				CLANG_CXX_LIBRARY = "libc++";
				CLANG_ENABLE_MODULES = YES;
				CLANG_ENABLE_OBJC_ARC = YES;
				CLANG_WARN_BOOL_CONVERSION = YES;
				CLANG_WARN_CONSTANT_CONVERSION = YES;
				CLANG_WARN_DIRECT_OBJC_ISA_USAGE = YES_ERROR;
				CLANG_WARN_DOCUMENTATION_COMMENTS = YES;
				CLANG_WARN_EMPTY_BODY = YES;
				CLANG_WARN_ENUM_CONVERSION = YES;
				CLANG_WARN_INFINITE_RECURSION = YES;
				CLANG_WARN_INT_CONVERSION = YES;
				CLANG_WARN_OBJC_ROOT_CLASS = YES_ERROR;
				CLANG_WARN_SUSPICIOUS_MOVE = YES;
				CLANG_WARN_UNREACHABLE_CODE = YES;
				CLANG_WARN__DUPLICATE_METHOD_MATCH = YES;
				"CODE_SIGN_IDENTITY[sdk=iphoneos*]" = "iPhone Developer";
				COPY_PHASE_STRIP = NO;
				DEBUG_INFORMATION_FORMAT = dwarf;
				ENABLE_STRICT_OBJC_MSGSEND = YES;
				ENABLE_TESTABILITY = YES;
				GCC_C_LANGUAGE_STANDARD = gnu99;
				GCC_DYNAMIC_NO_PIC = NO;
				GCC_NO_COMMON_BLOCKS = YES;
				GCC_OPTIMIZATION_LEVEL = 0;
				GCC_PREPROCESSOR_DEFINITIONS = (
					"DEBUG=1",
					"$(inherited)",
				);
				GCC_WARN_64_TO_32_BIT_CONVERSION = YES;
				GCC_WARN_ABOUT_RETURN_TYPE = YES_ERROR;
				GCC_WARN_UNDECLARED_SELECTOR = YES;
				GCC_WARN_UNINITIALIZED_AUTOS = YES_AGGRESSIVE;
				GCC_WARN_UNUSED_FUNCTION = YES;
				GCC_WARN_UNUSED_VARIABLE = YES;
				IPHONEOS_DEPLOYMENT_TARGET = 10.3;
				MTL_ENABLE_DEBUG_INFO = YES;
				ONLY_ACTIVE_ARCH = YES;
				SDKROOT = iphoneos;
				SWIFT_ACTIVE_COMPILATION_CONDITIONS = DEBUG;
				SWIFT_OPTIMIZATION_LEVEL = "-Onone";
				TARGETED_DEVICE_FAMILY = "1,2";
			};
			name = Debug;
		};
		9E63C9631FA9D0FC00340F2D /* Release */ = {
			isa = XCBuildConfiguration;
			buildSettings = {
				ALWAYS_SEARCH_USER_PATHS = NO;
				CLANG_ANALYZER_NONNULL = YES;
				CLANG_ANALYZER_NUMBER_OBJECT_CONVERSION = YES_AGGRESSIVE;
				CLANG_CXX_LANGUAGE_STANDARD = "gnu++0x";
				CLANG_CXX_LIBRARY = "libc++";
				CLANG_ENABLE_MODULES = YES;
				CLANG_ENABLE_OBJC_ARC = YES;
				CLANG_WARN_BOOL_CONVERSION = YES;
				CLANG_WARN_CONSTANT_CONVERSION = YES;
				CLANG_WARN_DIRECT_OBJC_ISA_USAGE = YES_ERROR;
				CLANG_WARN_DOCUMENTATION_COMMENTS = YES;
				CLANG_WARN_EMPTY_BODY = YES;
				CLANG_WARN_ENUM_CONVERSION = YES;
				CLANG_WARN_INFINITE_RECURSION = YES;
				CLANG_WARN_INT_CONVERSION = YES;
				CLANG_WARN_OBJC_ROOT_CLASS = YES_ERROR;
				CLANG_WARN_SUSPICIOUS_MOVE = YES;
				CLANG_WARN_UNREACHABLE_CODE = YES;
				CLANG_WARN__DUPLICATE_METHOD_MATCH = YES;
				"CODE_SIGN_IDENTITY[sdk=iphoneos*]" = "iPhone Developer";
				COPY_PHASE_STRIP = NO;
				DEBUG_INFORMATION_FORMAT = "dwarf-with-dsym";
				ENABLE_NS_ASSERTIONS = NO;
				ENABLE_STRICT_OBJC_MSGSEND = YES;
				GCC_C_LANGUAGE_STANDARD = gnu99;
				GCC_NO_COMMON_BLOCKS = YES;
				GCC_WARN_64_TO_32_BIT_CONVERSION = YES;
				GCC_WARN_ABOUT_RETURN_TYPE = YES_ERROR;
				GCC_WARN_UNDECLARED_SELECTOR = YES;
				GCC_WARN_UNINITIALIZED_AUTOS = YES_AGGRESSIVE;
				GCC_WARN_UNUSED_FUNCTION = YES;
				GCC_WARN_UNUSED_VARIABLE = YES;
				IPHONEOS_DEPLOYMENT_TARGET = 10.3;
				MTL_ENABLE_DEBUG_INFO = NO;
				SDKROOT = iphoneos;
				SWIFT_OPTIMIZATION_LEVEL = "-Owholemodule";
				TARGETED_DEVICE_FAMILY = "1,2";
				VALIDATE_PRODUCT = YES;
			};
			name = Release;
		};
		9E63C9651FA9D0FC00340F2D /* Debug */ = {
			isa = XCBuildConfiguration;
			buildSettings = {
				ASSETCATALOG_COMPILER_APPICON_NAME = AppIcon;
				DEVELOPMENT_TEAM = 5GU4RMY5T5;
				INFOPLIST_FILE = Cassini/Info.plist;
				LD_RUNPATH_SEARCH_PATHS = "$(inherited) @executable_path/Frameworks";
				PRODUCT_BUNDLE_IDENTIFIER = ios.edu.Cassini;
				PRODUCT_NAME = "$(TARGET_NAME)";
				SWIFT_VERSION = 3.0;
			};
			name = Debug;
		};
		9E63C9661FA9D0FC00340F2D /* Release */ = {
			isa = XCBuildConfiguration;
			buildSettings = {
				ASSETCATALOG_COMPILER_APPICON_NAME = AppIcon;
				DEVELOPMENT_TEAM = 5GU4RMY5T5;
				INFOPLIST_FILE = Cassini/Info.plist;
				LD_RUNPATH_SEARCH_PATHS = "$(inherited) @executable_path/Frameworks";
				PRODUCT_BUNDLE_IDENTIFIER = ios.edu.Cassini;
				PRODUCT_NAME = "$(TARGET_NAME)";
				SWIFT_VERSION = 3.0;
			};
			name = Release;
		};
/* End XCBuildConfiguration section */

/* Begin XCConfigurationList section */
		9E63C94D1FA9D0FC00340F2D /* Build configuration list for PBXProject "Cassini" */ = {
			isa = XCConfigurationList;
			buildConfigurations = (
				9E63C9621FA9D0FC00340F2D /* Debug */,
				9E63C9631FA9D0FC00340F2D /* Release */,
			);
			defaultConfigurationIsVisible = 0;
			defaultConfigurationName = Release;
		};
		9E63C9641FA9D0FC00340F2D /* Build configuration list for PBXNativeTarget "Cassini" */ = {
			isa = XCConfigurationList;
			buildConfigurations = (
				9E63C9651FA9D0FC00340F2D /* Debug */,
				9E63C9661FA9D0FC00340F2D /* Release */,
			);
			defaultConfigurationIsVisible = 0;
			defaultConfigurationName = Release;
		};
/* End XCConfigurationList section */
	};
	rootObject = 9E63C94A1FA9D0FC00340F2D /* Project object */;
}
